# THIS IS AN AUTOGENERATED FILE. DO NOT EDIT THIS FILE DIRECTLY.
# yarn lockfile v1


"@colors/colors@1.5.0":
  "integrity" "sha512-ooWCrlZP11i8GImSjTHYHLkvFDP48nS4+204nGb1RiX/WXYHmJA2III9/e2DWVabCESdW7hBAEzHRqUn9OUVvQ=="
  "resolved" "https://registry.npmjs.org/@colors/colors/-/colors-1.5.0.tgz"
  "version" "1.5.0"

"@types/node@^20.11.17":
  "integrity" "sha512-QmgQZGWu1Yw9TDyAP9ZzpFJKynYNeOvwMJmaxABfieQoVoiVOS6MN1WSpqpRcbeA5+RW82kraAVxCCJg+780Qw=="
  "resolved" "https://registry.npmjs.org/@types/node/-/node-20.11.17.tgz"
  "version" "20.11.17"
  dependencies:
    "undici-types" "~5.26.4"

"async@^2.6.4":
  "integrity" "sha512-mzo5dfJYwAn29PeiJ0zvwTo04zj8HDJj0Mn8TD7sno7q12prdbnasKJHhkm2c1LgrhlJ0teaea8860oxi51mGA=="
  "resolved" "https://registry.npmjs.org/async/-/async-2.6.4.tgz"
  "version" "2.6.4"
  dependencies:
    "lodash" "^4.17.14"

"async@3.2.3":
  "integrity" "sha512-spZRyzKL5l5BZQrr/6m/SqFdBN0q3OCI0f9rjfBzCMBIP4p75P620rR3gTmaksNOhmzgdxcaxdNfMy6anrbM0g=="
  "resolved" "https://registry.npmjs.org/async/-/async-3.2.3.tgz"
  "version" "3.2.3"

"colors@1.0.x":
  "integrity" "sha512-pFGrxThWcWQ2MsAz6RtgeWe4NK2kUE1WfsrvvlctdII745EW9I0yflqhe7++M5LEc7bV2c/9/5zc8sFcpL0Drw=="
  "resolved" "https://registry.npmjs.org/colors/-/colors-1.0.3.tgz"
  "version" "1.0.3"

"cycle@1.0.x":
  "integrity" "sha1-IegLK+hYD5i0aPN5QwZisEbDStI= sha512-TVF6svNzeQCOpjCqsy0/CSy8VgObG3wXusJ73xW2GbG5rGx7lC8zxDSURicsXI2UsGdi2L0QNRCi745/wUDvsA=="
  "resolved" "https://registry.npmjs.org/cycle/-/cycle-1.0.3.tgz"
  "version" "1.0.3"

"duplex-child-process@0.0.5":
  "integrity" "sha512-3WVvFnyEYmFYXi2VB9z9XG8y4MbCMEPYrSGYROY3Pp7TT5qsyrdv+rZS6ydjQvTegHMc00pbrl4V/OOwrzo1KQ=="
  "resolved" "https://registry.npmjs.org/duplex-child-process/-/duplex-child-process-0.0.5.tgz"
  "version" "0.0.5"

"eyes@0.1.x":
  "integrity" "sha1-Ys8SAjTGg3hdkCNIqADvPgzCC8A= sha512-GipyPsXO1anza0AOZdy69Im7hGFCNB7Y/NGjDlZGJ3GJJLtwNSb2vrzYrTYJRrRloVx7pl+bhUaTB8yiccPvFQ=="
  "resolved" "https://registry.npmjs.org/eyes/-/eyes-0.1.8.tgz"
  "version" "0.1.8"

"isstream@0.1.x":
  "integrity" "sha1-R+Y/evVa+m+S4VAOaQ64uFKcCZo= sha512-Yljz7ffyPbrLpLngrMtZ7NduUgVvi6wG9RJ9IUcyCd59YQ911PBJphODUcbOVbqYfxe1wuYf/LJ8PauMRwsM/g=="
  "resolved" "https://registry.npmjs.org/isstream/-/isstream-0.1.2.tgz"
  "version" "0.1.2"

"lastfm@0.8.x":
  "integrity" "sha1-Td3wgpem+iP4TUgnBSoNKC/plog= sha512-gqpLM8CydkanIXYTGF4JryQyF/MAT/Br9l7DeS/xu/JidAw9fZQ8T6OdQS4HEyeNa/drhiMQ40i+MC+AvM1yWA=="
  "resolved" "https://registry.npmjs.org/lastfm/-/lastfm-0.8.4.tgz"
  "version" "0.8.4"
  dependencies:
    "underscore" ""

"lastfmapi@0.0.6":
  "integrity" "sha1-W6Q304MV5Inizaii45fJBpozfqo= sha512-H4kTh+nOco4N+HAGT7+ruCdr3teZgtnOWDBvMx6AwIXH18hI822EpUoRydKPTd+LqyiTDHC8Ax6zpclG90xXiw=="
  "resolved" "https://registry.npmjs.org/lastfmapi/-/lastfmapi-0.0.6.tgz"
  "version" "0.0.6"
  dependencies:
    "lastfm" "0.8.x"

"levenshtein-edit-distance@^1.0.0":
  "integrity" "sha1-iVuvR4zOi1waDSfkXXwdl4pmHkk= sha512-gpgBvPn7IFIAL32f0o6Nsh2g+5uOvkt4eK9epTfgE4YVxBxwVhJ/p1888lMm/u8mXdu1ETLSi6zeEmkBI+0F3w=="
  "resolved" "https://registry.npmjs.org/levenshtein-edit-distance/-/levenshtein-edit-distance-1.0.0.tgz"
  "version" "1.0.0"

"lodash@^4.17.14":
  "integrity" "sha512-v2kDEe57lecTulaDIuNTPy3Ry4gLGJ6Z1O3vE1krgXZNrsQ+LFTGHVxVjcXPs17LhbZVGedAJv8XZ1tvj5FvSg=="
  "resolved" "https://registry.npmjs.org/lodash/-/lodash-4.17.21.tgz"
  "version" "4.17.21"

"mute-stream@~0.0.4":
  "integrity" "sha512-nnbWWOkoWyUsTjKrhgD0dcz22mdkSnpYqbEjIm2nhwhuxlSkpywJmBo8h0ZqJdkp73mb90SssHkN4rsRaBAfAA=="
  "resolved" "https://registry.npmjs.org/mute-stream/-/mute-stream-0.0.8.tgz"
  "version" "0.0.8"

"osa@file:../node-osa":
  "resolved" "file:../node-osa"
  "version" "2.5.0"

"osascript@^1.2.0":
  "integrity" "sha512-PSSeitQlvnz8DslZ/sQCn35GHHhdbSaTWtFINdKeiFbso0xtHeEOtA6X60JrsRj1JQ6iG63ghMv/jWH4moTcUw=="
  "resolved" "https://registry.npmjs.org/osascript/-/osascript-1.2.0.tgz"
  "version" "1.2.0"
  dependencies:
    "duplex-child-process" "0.0.5"

"prompt@^1.3.0":
  "integrity" "sha512-ZkaRWtaLBZl7KKAKndKYUL8WqNT+cQHKRZnT4RYYms48jQkFw3rrBL+/N5K/KtdEveHkxs982MX2BkDKub2ZMg=="
  "resolved" "https://registry.npmjs.org/prompt/-/prompt-1.3.0.tgz"
  "version" "1.3.0"
  dependencies:
    "@colors/colors" "1.5.0"
    "async" "3.2.3"
    "read" "1.0.x"
    "revalidator" "0.1.x"
    "winston" "2.x"

"read@1.0.x":
  "integrity" "sha1-s9oZvQUkMal2cdRKQmNK33ELQMQ= sha512-rSOKNYUmaxy0om1BNjMN4ezNT6VKK+2xF4GBhc81mkH7L60i6dp8qPYrkndNLT3QPphoII3maL9PVC9XmhHwVQ=="
  "resolved" "https://registry.npmjs.org/read/-/read-1.0.7.tgz"
  "version" "1.0.7"
  dependencies:
    "mute-stream" "~0.0.4"

"revalidator@0.1.x":
  "integrity" "sha1-/s5hv6DBtSoga9axgZgYS91SOjs= sha512-xcBILK2pA9oh4SiinPEZfhP8HfrB/ha+a2fTMyl7Om2WjlDVrOQy99N2MXXlUHqGJz4qEu2duXxHJjDWuK/0xg=="
  "resolved" "https://registry.npmjs.org/revalidator/-/revalidator-0.1.8.tgz"
  "version" "0.1.8"

"sax@~1.1.1":
  "integrity" "sha1-XWFr6KXmB9VOEUr65Vt+ry/MMkA= sha512-8zci48uUQyfqynGDSkUMD7FCJB96hwLnlZOXlgs1l3TX+LW27t3psSWKUxC0fxVgA86i8tL4NwGcY1h/6t3ESg=="
  "resolved" "https://registry.npmjs.org/sax/-/sax-1.1.6.tgz"
  "version" "1.1.6"

"stack-trace@0.0.x":
  "integrity" "sha1-VHxws0fo0ytOEI6hoqFZ5f3eGcA= sha512-KGzahc7puUKkzyMt+IqAep+TVNbKP+k2Lmwhub39m1AsTSkaDutx56aDCo+HLDzf/D26BIHTJWNiTG1KAJiQCg=="
  "resolved" "https://registry.npmjs.org/stack-trace/-/stack-trace-0.0.10.tgz"
  "version" "0.0.10"

"typescript@^5.3.3":
  "integrity" "sha512-pXWcraxM0uxAS+tN0AG/BF2TyqmHO014Z070UsJ+pFvYuRSq8KH8DmWpnbXe0pEPDHXZV3FcAbJkijJ5oNEnWw=="
  "resolved" "https://registry.npmjs.org/typescript/-/typescript-5.3.3.tgz"
  "version" "5.3.3"

"underscore@":
  "integrity" "sha512-+A5Sja4HP1M08MaXya7p5LvjuM7K6q/2EaC0+iovj/wOcMsTzMvDFbasi/oSapiwOlt252IqsKqPjCl7huKS0A=="
  "resolved" "https://registry.npmjs.org/underscore/-/underscore-1.13.6.tgz"
  "version" "1.13.6"

"undici-types@~5.26.4":
  "integrity" "sha512-JlCMO+ehdEIKqlFxk6IfVoAUVmgz7cU7zD/h9XZ0qzeosSHmUJVOzSQvvYSYWXkFXC+IfLKSIffhv0sVZup6pA=="
  "resolved" "https://registry.npmjs.org/undici-types/-/undici-types-5.26.5.tgz"
  "version" "5.26.5"

"winston@2.x":
  "integrity" "sha512-vLB4BqzCKDnnZH9PHGoS2ycawueX4HLqENXQitvFHczhgW2vFpSOn31LZtVr1KU8YTw7DS4tM+cqyovxo8taVg=="
  "resolved" "https://registry.npmjs.org/winston/-/winston-2.4.7.tgz"
  "version" "2.4.7"
  dependencies:
    "async" "^2.6.4"
    "colors" "1.0.x"
    "cycle" "1.0.x"
    "eyes" "0.1.x"
    "isstream" "0.1.x"
    "stack-trace" "0.0.x"

"xmldoc@^0.4.0":
  "integrity" "sha1-0lciS+g5PqrL+DfvIn/Y7CWzaIg= sha512-rJ/+/UzYCSlFNuAzGuRyYgkH2G5agdX1UQn4+5siYw9pkNC3Hu/grYNDx/dqYLreeSjnY5oKg74CMBKxJHSg6Q=="
  "resolved" "https://registry.npmjs.org/xmldoc/-/xmldoc-0.4.0.tgz"
  "version" "0.4.0"
  dependencies:
    "sax" "~1.1.1"
